// !$*UTF8*$!
{
	archiveVersion = 1;
	classes = {
	};
	objectVersion = 50;
	objects = {

/* Begin PBXBuildFile section */
		1F7CCBB521DE55B7005B26F4 /* AppDelegate.swift in Sources */ = {isa = PBXBuildFile; fileRef = 1F7CCBB421DE55B7005B26F4 /* AppDelegate.swift */; };
		1F7CCBBA21DE55B7005B26F4 /* Main.storyboard in Resources */ = {isa = PBXBuildFile; fileRef = 1F7CCBB821DE55B7005B26F4 /* Main.storyboard */; };
		1F7CCBBC21DE55B8005B26F4 /* Assets.xcassets in Resources */ = {isa = PBXBuildFile; fileRef = 1F7CCBBB21DE55B8005B26F4 /* Assets.xcassets */; };
		1F7CCBBF21DE55B8005B26F4 /* LaunchScreen.storyboard in Resources */ = {isa = PBXBuildFile; fileRef = 1F7CCBBD21DE55B8005B26F4 /* LaunchScreen.storyboard */; };
		1F7CCBC721DE573D005B26F4 /* AccueilViewController.swift in Sources */ = {isa = PBXBuildFile; fileRef = 1F7CCBC621DE573D005B26F4 /* AccueilViewController.swift */; };
		1F7CCBC921DE5C0D005B26F4 /* CoreGraphics.framework in Frameworks */ = {isa = PBXBuildFile; fileRef = 1F7CCBC821DE5C0D005B26F4 /* CoreGraphics.framework */; };
		1F7CCBCB21DE5C16005B26F4 /* UIKit.framework in Frameworks */ = {isa = PBXBuildFile; fileRef = 1F7CCBCA21DE5C16005B26F4 /* UIKit.framework */; };
		1F7CCBCD21DE5C1F005B26F4 /* Foundation.framework in Frameworks */ = {isa = PBXBuildFile; fileRef = 1F7CCBCC21DE5C1F005B26F4 /* Foundation.framework */; };
		1F7CCBDB21DE61D6005B26F4 /* NetworkManager.swift in Sources */ = {isa = PBXBuildFile; fileRef = 1F7CCBDA21DE61D6005B26F4 /* NetworkManager.swift */; };
		1F7CCBDF21DE6359005B26F4 /* Keys.swift in Sources */ = {isa = PBXBuildFile; fileRef = 1F7CCBDE21DE6359005B26F4 /* Keys.swift */; };
		1F7CCBE121DE6365005B26F4 /* Helper.swift in Sources */ = {isa = PBXBuildFile; fileRef = 1F7CCBE021DE6365005B26F4 /* Helper.swift */; };
		1F7CCBE321DE6396005B26F4 /* Extensions.swift in Sources */ = {isa = PBXBuildFile; fileRef = 1F7CCBE221DE6396005B26F4 /* Extensions.swift */; };
		A5447C28007E3CB7EED1D392 /* Pods_ELIM_project.framework in Frameworks */ = {isa = PBXBuildFile; fileRef = 670B3D5496E056AC3C2F6179 /* Pods_ELIM_project.framework */; };
/* End PBXBuildFile section */

/* Begin PBXFileReference section */
		13CCFCE78A30FE7DD8D749FA /* Pods-ELIM project.debug.xcconfig */ = {isa = PBXFileReference; includeInIndex = 1; lastKnownFileType = text.xcconfig; name = "Pods-ELIM project.debug.xcconfig"; path = "Pods/Target Support Files/Pods-ELIM project/Pods-ELIM project.debug.xcconfig"; sourceTree = "<group>"; };
		1F7CCBB121DE55B7005B26F4 /* ELIM project.app */ = {isa = PBXFileReference; explicitFileType = wrapper.application; includeInIndex = 0; path = "ELIM project.app"; sourceTree = BUILT_PRODUCTS_DIR; };
		1F7CCBB421DE55B7005B26F4 /* AppDelegate.swift */ = {isa = PBXFileReference; lastKnownFileType = sourcecode.swift; path = AppDelegate.swift; sourceTree = "<group>"; };
		1F7CCBBB21DE55B8005B26F4 /* Assets.xcassets */ = {isa = PBXFileReference; lastKnownFileType = folder.assetcatalog; path = Assets.xcassets; sourceTree = "<group>"; };
		1F7CCBC021DE55B8005B26F4 /* Info.plist */ = {isa = PBXFileReference; lastKnownFileType = text.plist.xml; path = Info.plist; sourceTree = "<group>"; };
		1F7CCBC621DE573D005B26F4 /* AccueilViewController.swift */ = {isa = PBXFileReference; lastKnownFileType = sourcecode.swift; path = AccueilViewController.swift; sourceTree = "<group>"; };
		1F7CCBC821DE5C0D005B26F4 /* CoreGraphics.framework */ = {isa = PBXFileReference; lastKnownFileType = wrapper.framework; name = CoreGraphics.framework; path = System/Library/Frameworks/CoreGraphics.framework; sourceTree = SDKROOT; };
		1F7CCBCA21DE5C16005B26F4 /* UIKit.framework */ = {isa = PBXFileReference; lastKnownFileType = wrapper.framework; name = UIKit.framework; path = System/Library/Frameworks/UIKit.framework; sourceTree = SDKROOT; };
		1F7CCBCC21DE5C1F005B26F4 /* Foundation.framework */ = {isa = PBXFileReference; lastKnownFileType = wrapper.framework; name = Foundation.framework; path = System/Library/Frameworks/Foundation.framework; sourceTree = SDKROOT; };
		1F7CCBD221DE5DA5005B26F4 /* Base */ = {isa = PBXFileReference; lastKnownFileType = file.storyboard; name = Base; path = Base.lproj/Main.storyboard; sourceTree = "<group>"; };
		1F7CCBD321DE5DA5005B26F4 /* Base */ = {isa = PBXFileReference; lastKnownFileType = file.storyboard; name = Base; path = Base.lproj/LaunchScreen.storyboard; sourceTree = "<group>"; };
		1F7CCBD621DE5DEC005B26F4 /* fr */ = {isa = PBXFileReference; lastKnownFileType = text.plist.strings; name = fr; path = fr.lproj/Main.strings; sourceTree = "<group>"; };
		1F7CCBD721DE5DEC005B26F4 /* fr */ = {isa = PBXFileReference; lastKnownFileType = text.plist.strings; name = fr; path = fr.lproj/LaunchScreen.strings; sourceTree = "<group>"; };
		1F7CCBD821DE5E39005B26F4 /* en */ = {isa = PBXFileReference; lastKnownFileType = text.plist.strings; name = en; path = en.lproj/Main.strings; sourceTree = "<group>"; };
		1F7CCBD921DE5E39005B26F4 /* en */ = {isa = PBXFileReference; lastKnownFileType = text.plist.strings; name = en; path = en.lproj/LaunchScreen.strings; sourceTree = "<group>"; };
		1F7CCBDA21DE61D6005B26F4 /* NetworkManager.swift */ = {isa = PBXFileReference; lastKnownFileType = sourcecode.swift; path = NetworkManager.swift; sourceTree = "<group>"; };
		1F7CCBDE21DE6359005B26F4 /* Keys.swift */ = {isa = PBXFileReference; lastKnownFileType = sourcecode.swift; path = Keys.swift; sourceTree = "<group>"; };
		1F7CCBE021DE6365005B26F4 /* Helper.swift */ = {isa = PBXFileReference; lastKnownFileType = sourcecode.swift; path = Helper.swift; sourceTree = "<group>"; };
		1F7CCBE221DE6396005B26F4 /* Extensions.swift */ = {isa = PBXFileReference; lastKnownFileType = sourcecode.swift; path = Extensions.swift; sourceTree = "<group>"; };
		20B7F45C1EA45B6B54AF65B7 /* Pods-ELIM project.release.xcconfig */ = {isa = PBXFileReference; includeInIndex = 1; lastKnownFileType = text.xcconfig; name = "Pods-ELIM project.release.xcconfig"; path = "Pods/Target Support Files/Pods-ELIM project/Pods-ELIM project.release.xcconfig"; sourceTree = "<group>"; };
		670B3D5496E056AC3C2F6179 /* Pods_ELIM_project.framework */ = {isa = PBXFileReference; explicitFileType = wrapper.framework; includeInIndex = 0; path = Pods_ELIM_project.framework; sourceTree = BUILT_PRODUCTS_DIR; };
/* End PBXFileReference section */

/* Begin PBXFrameworksBuildPhase section */
		1F7CCBAE21DE55B7005B26F4 /* Frameworks */ = {
			isa = PBXFrameworksBuildPhase;
			buildActionMask = 2147483647;
			files = (
				1F7CCBCD21DE5C1F005B26F4 /* Foundation.framework in Frameworks */,
				1F7CCBCB21DE5C16005B26F4 /* UIKit.framework in Frameworks */,
				1F7CCBC921DE5C0D005B26F4 /* CoreGraphics.framework in Frameworks */,
				A5447C28007E3CB7EED1D392 /* Pods_ELIM_project.framework in Frameworks */,
			);
			runOnlyForDeploymentPostprocessing = 0;
		};
/* End PBXFrameworksBuildPhase section */

/* Begin PBXGroup section */
		1F7CCBA821DE55B7005B26F4 = {
			isa = PBXGroup;
			children = (
				1F7CCBB321DE55B7005B26F4 /* ELIM project */,
				1F7CCBB221DE55B7005B26F4 /* Products */,
				3F6C525268553A06B4F9E3FD /* Pods */,
				EBD0BCF0D36218F7A5C53950 /* Frameworks */,
			);
			sourceTree = "<group>";
		};
		1F7CCBB221DE55B7005B26F4 /* Products */ = {
			isa = PBXGroup;
			children = (
				1F7CCBB121DE55B7005B26F4 /* ELIM project.app */,
			);
			name = Products;
			sourceTree = "<group>";
		};
		1F7CCBB321DE55B7005B26F4 /* ELIM project */ = {
			isa = PBXGroup;
			children = (
				1F7CCBDC21DE6322005B26F4 /* ViewControllers */,
				1F7CCBB421DE55B7005B26F4 /* AppDelegate.swift */,
				1F7CCBB821DE55B7005B26F4 /* Main.storyboard */,
				1F7CCBBB21DE55B8005B26F4 /* Assets.xcassets */,
				1F7CCBBD21DE55B8005B26F4 /* LaunchScreen.storyboard */,
				1F7CCBC021DE55B8005B26F4 /* Info.plist */,
				1F7CCBDD21DE6335005B26F4 /* Helpers, Keys & Statics */,
			);
			path = "ELIM project";
			sourceTree = "<group>";
		};
		1F7CCBDC21DE6322005B26F4 /* ViewControllers */ = {
			isa = PBXGroup;
			children = (
				1F7CCBC621DE573D005B26F4 /* AccueilViewController.swift */,
			);
			path = ViewControllers;
			sourceTree = "<group>";
		};
		1F7CCBDD21DE6335005B26F4 /* Helpers, Keys & Statics */ = {
			isa = PBXGroup;
			children = (
				1F7CCBDA21DE61D6005B26F4 /* NetworkManager.swift */,
				1F7CCBDE21DE6359005B26F4 /* Keys.swift */,
				1F7CCBE021DE6365005B26F4 /* Helper.swift */,
				1F7CCBE221DE6396005B26F4 /* Extensions.swift */,
			);
			path = "Helpers, Keys & Statics";
			sourceTree = "<group>";
		};
		3F6C525268553A06B4F9E3FD /* Pods */ = {
			isa = PBXGroup;
			children = (
				13CCFCE78A30FE7DD8D749FA /* Pods-ELIM project.debug.xcconfig */,
				20B7F45C1EA45B6B54AF65B7 /* Pods-ELIM project.release.xcconfig */,
			);
			name = Pods;
			sourceTree = "<group>";
		};
		EBD0BCF0D36218F7A5C53950 /* Frameworks */ = {
			isa = PBXGroup;
			children = (
				1F7CCBCC21DE5C1F005B26F4 /* Foundation.framework */,
				1F7CCBCA21DE5C16005B26F4 /* UIKit.framework */,
				1F7CCBC821DE5C0D005B26F4 /* CoreGraphics.framework */,
				670B3D5496E056AC3C2F6179 /* Pods_ELIM_project.framework */,
			);
			name = Frameworks;
			sourceTree = "<group>";
		};
/* End PBXGroup section */

/* Begin PBXNativeTarget section */
		1F7CCBB021DE55B7005B26F4 /* ELIM project */ = {
			isa = PBXNativeTarget;
			buildConfigurationList = 1F7CCBC321DE55B8005B26F4 /* Build configuration list for PBXNativeTarget "ELIM project" */;
			buildPhases = (
				4C49FEF80B67EBFAFD22CA19 /* [CP] Check Pods Manifest.lock */,
				1F7CCBAD21DE55B7005B26F4 /* Sources */,
				1F7CCBAE21DE55B7005B26F4 /* Frameworks */,
				1F7CCBAF21DE55B7005B26F4 /* Resources */,
				61F24EB599C3B083F89CB103 /* [CP] Embed Pods Frameworks */,
			);
			buildRules = (
			);
			dependencies = (
			);
			name = "ELIM project";
			productName = "ELIM project";
			productReference = 1F7CCBB121DE55B7005B26F4 /* ELIM project.app */;
			productType = "com.apple.product-type.application";
		};
/* End PBXNativeTarget section */

/* Begin PBXProject section */
		1F7CCBA921DE55B7005B26F4 /* Project object */ = {
			isa = PBXProject;
			attributes = {
				LastSwiftUpdateCheck = 1010;
				LastUpgradeCheck = 1010;
				ORGANIZATIONNAME = "Herrick Wolber";
				TargetAttributes = {
					1F7CCBB021DE55B7005B26F4 = {
						CreatedOnToolsVersion = 10.1;
					};
				};
			};
			buildConfigurationList = 1F7CCBAC21DE55B7005B26F4 /* Build configuration list for PBXProject "ELIM project" */;
			compatibilityVersion = "Xcode 9.3";
			developmentRegion = en;
			hasScannedForEncodings = 0;
			knownRegions = (
				Base,
			);
			mainGroup = 1F7CCBA821DE55B7005B26F4;
			productRefGroup = 1F7CCBB221DE55B7005B26F4 /* Products */;
			projectDirPath = "";
			projectRoot = "";
			targets = (
				1F7CCBB021DE55B7005B26F4 /* ELIM project */,
			);
		};
/* End PBXProject section */

/* Begin PBXResourcesBuildPhase section */
		1F7CCBAF21DE55B7005B26F4 /* Resources */ = {
			isa = PBXResourcesBuildPhase;
			buildActionMask = 2147483647;
			files = (
				1F7CCBBF21DE55B8005B26F4 /* LaunchScreen.storyboard in Resources */,
				1F7CCBBC21DE55B8005B26F4 /* Assets.xcassets in Resources */,
				1F7CCBBA21DE55B7005B26F4 /* Main.storyboard in Resources */,
			);
			runOnlyForDeploymentPostprocessing = 0;
		};
/* End PBXResourcesBuildPhase section */

/* Begin PBXShellScriptBuildPhase section */
		4C49FEF80B67EBFAFD22CA19 /* [CP] Check Pods Manifest.lock */ = {
			isa = PBXShellScriptBuildPhase;
			buildActionMask = 2147483647;
			files = (
			);
			inputPaths = (
				"${PODS_PODFILE_DIR_PATH}/Podfile.lock",
				"${PODS_ROOT}/Manifest.lock",
			);
			name = "[CP] Check Pods Manifest.lock";
			outputPaths = (
				"$(DERIVED_FILE_DIR)/Pods-ELIM project-checkManifestLockResult.txt",
			);
			runOnlyForDeploymentPostprocessing = 0;
			shellPath = /bin/sh;
			shellScript = "diff \"${PODS_PODFILE_DIR_PATH}/Podfile.lock\" \"${PODS_ROOT}/Manifest.lock\" > /dev/null\nif [ $? != 0 ] ; then\n    # print error to STDERR\n    echo \"error: The sandbox is not in sync with the Podfile.lock. Run 'pod install' or update your CocoaPods installation.\" >&2\n    exit 1\nfi\n# This output is used by Xcode 'outputs' to avoid re-running this script phase.\necho \"SUCCESS\" > \"${SCRIPT_OUTPUT_FILE_0}\"\n";
			showEnvVarsInLog = 0;
		};
		61F24EB599C3B083F89CB103 /* [CP] Embed Pods Frameworks */ = {
			isa = PBXShellScriptBuildPhase;
			buildActionMask = 2147483647;
			files = (
			);
			inputPaths = (
				"${SRCROOT}/Pods/Target Support Files/Pods-ELIM project/Pods-ELIM project-frameworks.sh",
				"${BUILT_PRODUCTS_DIR}/AFNetworking/AFNetworking.framework",
				"${BUILT_PRODUCTS_DIR}/MBProgressHUD/MBProgressHUD.framework",
				"${BUILT_PRODUCTS_DIR}/ReachabilitySwift/Reachability.framework",
			);
			name = "[CP] Embed Pods Frameworks";
			outputPaths = (
				"${TARGET_BUILD_DIR}/${FRAMEWORKS_FOLDER_PATH}/AFNetworking.framework",
				"${TARGET_BUILD_DIR}/${FRAMEWORKS_FOLDER_PATH}/MBProgressHUD.framework",
				"${TARGET_BUILD_DIR}/${FRAMEWORKS_FOLDER_PATH}/Reachability.framework",
			);
			runOnlyForDeploymentPostprocessing = 0;
			shellPath = /bin/sh;
			shellScript = "\"${SRCROOT}/Pods/Target Support Files/Pods-ELIM project/Pods-ELIM project-frameworks.sh\"\n";
			showEnvVarsInLog = 0;
		};
/* End PBXShellScriptBuildPhase section */

/* Begin PBXSourcesBuildPhase section */
		1F7CCBAD21DE55B7005B26F4 /* Sources */ = {
			isa = PBXSourcesBuildPhase;
			buildActionMask = 2147483647;
			files = (
				1F7CCBDB21DE61D6005B26F4 /* NetworkManager.swift in Sources */,
				1F7CCBDF21DE6359005B26F4 /* Keys.swift in Sources */,
				1F7CCBE121DE6365005B26F4 /* Helper.swift in Sources */,
				1F7CCBB521DE55B7005B26F4 /* AppDelegate.swift in Sources */,
				1F7CCBC721DE573D005B26F4 /* AccueilViewController.swift in Sources */,
				1F7CCBE321DE6396005B26F4 /* Extensions.swift in Sources */,
			);
			runOnlyForDeploymentPostprocessing = 0;
		};
/* End PBXSourcesBuildPhase section */

/* Begin PBXVariantGroup section */
		1F7CCBB821DE55B7005B26F4 /* Main.storyboard */ = {
			isa = PBXVariantGroup;
			children = (
				1F7CCBD221DE5DA5005B26F4 /* Base */,
				1F7CCBD621DE5DEC005B26F4 /* fr */,
				1F7CCBD821DE5E39005B26F4 /* en */,
			);
			name = Main.storyboard;
			sourceTree = "<group>";
		};
		1F7CCBBD21DE55B8005B26F4 /* LaunchScreen.storyboard */ = {
			isa = PBXVariantGroup;
			children = (
				1F7CCBD321DE5DA5005B26F4 /* Base */,
				1F7CCBD721DE5DEC005B26F4 /* fr */,
				1F7CCBD921DE5E39005B26F4 /* en */,
			);
			name = LaunchScreen.storyboard;
			sourceTree = "<group>";
		};
/* End PBXVariantGroup section */

/* Begin XCBuildConfiguration section */
		1F7CCBC121DE55B8005B26F4 /* Debug */ = {
			isa = XCBuildConfiguration;
			buildSettings = {
				ALWAYS_SEARCH_USER_PATHS = NO;
				CLANG_ANALYZER_LOCALIZABILITY_NONLOCALIZED = YES;
				CLANG_ANALYZER_NONNULL = YES;
				CLANG_ANALYZER_NUMBER_OBJECT_CONVERSION = YES_AGGRESSIVE;
				CLANG_CXX_LANGUAGE_STANDARD = "gnu++14";
				CLANG_CXX_LIBRARY = "libc++";
				CLANG_ENABLE_MODULES = YES;
				CLANG_ENABLE_OBJC_ARC = YES;
				CLANG_ENABLE_OBJC_WEAK = YES;
				CLANG_WARN_BLOCK_CAPTURE_AUTORELEASING = YES;
				CLANG_WARN_BOOL_CONVERSION = YES;
				CLANG_WARN_COMMA = YES;
				CLANG_WARN_CONSTANT_CONVERSION = YES;
				CLANG_WARN_DEPRECATED_OBJC_IMPLEMENTATIONS = YES;
				CLANG_WARN_DIRECT_OBJC_ISA_USAGE = YES_ERROR;
				CLANG_WARN_DOCUMENTATION_COMMENTS = YES;
				CLANG_WARN_EMPTY_BODY = YES;
				CLANG_WARN_ENUM_CONVERSION = YES;
				CLANG_WARN_INFINITE_RECURSION = YES;
				CLANG_WARN_INT_CONVERSION = YES;
				CLANG_WARN_NON_LITERAL_NULL_CONVERSION = YES;
				CLANG_WARN_OBJC_IMPLICIT_RETAIN_SELF = YES;
				CLANG_WARN_OBJC_LITERAL_CONVERSION = YES;
				CLANG_WARN_OBJC_ROOT_CLASS = YES_ERROR;
				CLANG_WARN_RANGE_LOOP_ANALYSIS = YES;
				CLANG_WARN_STRICT_PROTOTYPES = YES;
				CLANG_WARN_SUSPICIOUS_MOVE = YES;
				CLANG_WARN_UNGUARDED_AVAILABILITY = YES_AGGRESSIVE;
				CLANG_WARN_UNREACHABLE_CODE = YES;
				CLANG_WARN__DUPLICATE_METHOD_MATCH = YES;
				CODE_SIGN_IDENTITY = "iPhone Developer";
				COPY_PHASE_STRIP = NO;
				DEBUG_INFORMATION_FORMAT = dwarf;
				ENABLE_STRICT_OBJC_MSGSEND = YES;
				ENABLE_TESTABILITY = YES;
				GCC_C_LANGUAGE_STANDARD = gnu11;
				GCC_DYNAMIC_NO_PIC = NO;
				GCC_NO_COMMON_BLOCKS = YES;
				GCC_OPTIMIZATION_LEVEL = 0;
				GCC_PREPROCESSOR_DEFINITIONS = (
					"DEBUG=1",
					"$(inherited)",
				);
				GCC_WARN_64_TO_32_BIT_CONVERSION = YES;
				GCC_WARN_ABOUT_RETURN_TYPE = YES_ERROR;
				GCC_WARN_UNDECLARED_SELECTOR = YES;
				GCC_WARN_UNINITIALIZED_AUTOS = YES_AGGRESSIVE;
				GCC_WARN_UNUSED_FUNCTION = YES;
				GCC_WARN_UNUSED_VARIABLE = YES;
				IPHONEOS_DEPLOYMENT_TARGET = 12.1;
				MTL_ENABLE_DEBUG_INFO = INCLUDE_SOURCE;
				MTL_FAST_MATH = YES;
				ONLY_ACTIVE_ARCH = YES;
				SDKROOT = iphoneos;
				SWIFT_ACTIVE_COMPILATION_CONDITIONS = DEBUG;
				SWIFT_OPTIMIZATION_LEVEL = "-Onone";
			};
			name = Debug;
		};
		1F7CCBC221DE55B8005B26F4 /* Release */ = {
			isa = XCBuildConfiguration;
			buildSettings = {
				ALWAYS_SEARCH_USER_PATHS = NO;
				CLANG_ANALYZER_LOCALIZABILITY_NONLOCALIZED = YES;
				CLANG_ANALYZER_NONNULL = YES;
				CLANG_ANALYZER_NUMBER_OBJECT_CONVERSION = YES_AGGRESSIVE;
				CLANG_CXX_LANGUAGE_STANDARD = "gnu++14";
				CLANG_CXX_LIBRARY = "libc++";
				CLANG_ENABLE_MODULES = YES;
				CLANG_ENABLE_OBJC_ARC = YES;
				CLANG_ENABLE_OBJC_WEAK = YES;
				CLANG_WARN_BLOCK_CAPTURE_AUTORELEASING = YES;
				CLANG_WARN_BOOL_CONVERSION = YES;
				CLANG_WARN_COMMA = YES;
				CLANG_WARN_CONSTANT_CONVERSION = YES;
				CLANG_WARN_DEPRECATED_OBJC_IMPLEMENTATIONS = YES;
				CLANG_WARN_DIRECT_OBJC_ISA_USAGE = YES_ERROR;
				CLANG_WARN_DOCUMENTATION_COMMENTS = YES;
				CLANG_WARN_EMPTY_BODY = YES;
				CLANG_WARN_ENUM_CONVERSION = YES;
				CLANG_WARN_INFINITE_RECURSION = YES;
				CLANG_WARN_INT_CONVERSION = YES;
				CLANG_WARN_NON_LITERAL_NULL_CONVERSION = YES;
				CLANG_WARN_OBJC_IMPLICIT_RETAIN_SELF = YES;
				CLANG_WARN_OBJC_LITERAL_CONVERSION = YES;
				CLANG_WARN_OBJC_ROOT_CLASS = YES_ERROR;
				CLANG_WARN_RANGE_LOOP_ANALYSIS = YES;
				CLANG_WARN_STRICT_PROTOTYPES = YES;
				CLANG_WARN_SUSPICIOUS_MOVE = YES;
				CLANG_WARN_UNGUARDED_AVAILABILITY = YES_AGGRESSIVE;
				CLANG_WARN_UNREACHABLE_CODE = YES;
				CLANG_WARN__DUPLICATE_METHOD_MATCH = YES;
				CODE_SIGN_IDENTITY = "iPhone Developer";
				COPY_PHASE_STRIP = NO;
				DEBUG_INFORMATION_FORMAT = "dwarf-with-dsym";
				ENABLE_NS_ASSERTIONS = NO;
				ENABLE_STRICT_OBJC_MSGSEND = YES;
				GCC_C_LANGUAGE_STANDARD = gnu11;
				GCC_NO_COMMON_BLOCKS = YES;
				GCC_WARN_64_TO_32_BIT_CONVERSION = YES;
				GCC_WARN_ABOUT_RETURN_TYPE = YES_ERROR;
				GCC_WARN_UNDECLARED_SELECTOR = YES;
				GCC_WARN_UNINITIALIZED_AUTOS = YES_AGGRESSIVE;
				GCC_WARN_UNUSED_FUNCTION = YES;
				GCC_WARN_UNUSED_VARIABLE = YES;
				IPHONEOS_DEPLOYMENT_TARGET = 12.1;
				MTL_ENABLE_DEBUG_INFO = NO;
				MTL_FAST_MATH = YES;
				SDKROOT = iphoneos;
				SWIFT_COMPILATION_MODE = wholemodule;
				SWIFT_OPTIMIZATION_LEVEL = "-O";
				VALIDATE_PRODUCT = YES;
			};
			name = Release;
		};
		1F7CCBC421DE55B8005B26F4 /* Debug */ = {
			isa = XCBuildConfiguration;
			baseConfigurationReference = 13CCFCE78A30FE7DD8D749FA /* Pods-ELIM project.debug.xcconfig */;
			buildSettings = {
				ASSETCATALOG_COMPILER_APPICON_NAME = AppIcon;
				CODE_SIGN_STYLE = Automatic;
				DEVELOPMENT_TEAM = X776XA45RM;
				INFOPLIST_FILE = "ELIM project/Info.plist";
				LD_RUNPATH_SEARCH_PATHS = (
					"$(inherited)",
					"@executable_path/Frameworks",
				);
				PRODUCT_BUNDLE_IDENTIFIER = "fr.herrick-wolber.ELIM-project";
				PRODUCT_NAME = "$(TARGET_NAME)";
				SWIFT_VERSION = 4.2;
				TARGETED_DEVICE_FAMILY = "1,2";
			};
			name = Debug;
		};
		1F7CCBC521DE55B8005B26F4 /* Release */ = {
			isa = XCBuildConfiguration;
			baseConfigurationReference = 20B7F45C1EA45B6B54AF65B7 /* Pods-ELIM project.release.xcconfig */;
			buildSettings = {
				ASSETCATALOG_COMPILER_APPICON_NAME = AppIcon;
				CODE_SIGN_STYLE = Automatic;
				DEVELOPMENT_TEAM = X776XA45RM;
				INFOPLIST_FILE = "ELIM project/Info.plist";
				LD_RUNPATH_SEARCH_PATHS = (
					"$(inherited)",
					"@executable_path/Frameworks",
				);
				PRODUCT_BUNDLE_IDENTIFIER = "fr.herrick-wolber.ELIM-project";
				PRODUCT_NAME = "$(TARGET_NAME)";
				SWIFT_VERSION = 4.2;
				TARGETED_DEVICE_FAMILY = "1,2";
			};
			name = Release;
		};
/* End XCBuildConfiguration section */

/* Begin XCConfigurationList section */
		1F7CCBAC21DE55B7005B26F4 /* Build configuration list for PBXProject "ELIM project" */ = {
			isa = XCConfigurationList;
			buildConfigurations = (
				1F7CCBC121DE55B8005B26F4 /* Debug */,
				1F7CCBC221DE55B8005B26F4 /* Release */,
			);
			defaultConfigurationIsVisible = 0;
			defaultConfigurationName = Release;
		};
		1F7CCBC321DE55B8005B26F4 /* Build configuration list for PBXNativeTarget "ELIM project" */ = {
			isa = XCConfigurationList;
			buildConfigurations = (
				1F7CCBC421DE55B8005B26F4 /* Debug */,
				1F7CCBC521DE55B8005B26F4 /* Release */,
			);
			defaultConfigurationIsVisible = 0;
			defaultConfigurationName = Release;
		};
/* End XCConfigurationList section */
	};
	rootObject = 1F7CCBA921DE55B7005B26F4 /* Project object */;
}
